
Microsoft Visual Studio Solution File, Format Version 12.00
# Visual Studio 15
VisualStudioVersion = 15.0.28307.106
MinimumVisualStudioVersion = 10.0.40219.1
Project("{9A19103F-16F7-4668-BE54-9A1E7A4F7556}") = "NPMGame.API", "NPMGame.API\NPMGame.API.csproj", "{18AD20DD-B21A-48D2-96B0-E90B15855372}"
EndProject
Project("{FAE04EC0-301F-11D3-BF4B-00C04F79EFBC}") = "NPMGame.Core", "NPMGame.Core\NPMGame.Core.csproj", "{3EB26E16-D1E4-4AB0-9866-96C28B4B40C1}"
EndProject
Global
	GlobalSection(SolutionConfigurationPlatforms) = preSolution
		Debug|Any CPU = Debug|Any CPU
		Release|Any CPU = Release|Any CPU
	EndGlobalSection
	GlobalSection(ProjectConfigurationPlatforms) = postSolution
		{18AD20DD-B21A-48D2-96B0-E90B15855372}.Debug|Any CPU.ActiveCfg = Debug|Any CPU
		{18AD20DD-B21A-48D2-96B0-E90B15855372}.Debug|Any CPU.Build.0 = Debug|Any CPU
		{18AD20DD-B21A-48D2-96B0-E90B15855372}.Release|Any CPU.ActiveCfg = Release|Any CPU
		{18AD20DD-B21A-48D2-96B0-E90B15855372}.Release|Any CPU.Build.0 = Release|Any CPU
		{3EB26E16-D1E4-4AB0-9866-96C28B4B40C1}.Debug|Any CPU.ActiveCfg = Debug|Any CPU
		{3EB26E16-D1E4-4AB0-9866-96C28B4B40C1}.Debug|Any CPU.Build.0 = Debug|Any CPU
		{3EB26E16-D1E4-4AB0-9866-96C28B4B40C1}.Release|Any CPU.ActiveCfg = Release|Any CPU
		{3EB26E16-D1E4-4AB0-9866-96C28B4B40C1}.Release|Any CPU.Build.0 = Release|Any CPU
	EndGlobalSection
	GlobalSection(SolutionProperties) = preSolution
		HideSolutionNode = FALSE
	EndGlobalSection
	GlobalSection(ExtensibilityGlobals) = postSolution
		SolutionGuid = {7BF3E029-FBAE-41D0-8CA3-F5C7A2406563}
	EndGlobalSection
EndGlobal
